Microsoft Visual Studio Solution File, Format Version 11.00
# Visual Studio 2010
Project("{F184B08F-C81C-45F6-A57F-5ABD9991F28F}") = "MotoView", "MotoView.vbproj", "{0DE9EED7-0303-4B30-8BFC-29C095154AD4}"
EndProject
Global
	GlobalSection(SolutionConfigurationPlatforms) = preSolution
		Debug|Any CPU = Debug|Any CPU
		Release|Any CPU = Release|Any CPU
	EndGlobalSection
	GlobalSection(ProjectConfigurationPlatforms) = postSolution
		{0DE9EED7-0303-4B30-8BFC-29C095154AD4}.Debug|Any CPU.ActiveCfg = Debug|Any CPU
		{0DE9EED7-0303-4B30-8BFC-29C095154AD4}.Debug|Any CPU.Build.0 = Debug|Any CPU
		{0DE9EED7-0303-4B30-8BFC-29C095154AD4}.Release|Any CPU.ActiveCfg = Release|Any CPU
		{0DE9EED7-0303-4B30-8BFC-29C095154AD4}.Release|Any CPU.Build.0 = Release|Any CPU
	EndGlobalSection
	GlobalSection(SolutionProperties) = preSolution
		HideSolutionNode = FALSE
	EndGlobalSection
EndGlobal
